{
  "name": "mst-error-test",
  "version": "1.0.0",
  "lockfileVersion": 1,
  "requires": true,
  "dependencies": {
    "mobx": {
      "version": "5.5.2",
      "resolved": "https://registry.npmjs.org/mobx/-/mobx-5.5.2.tgz",
      "integrity": "sha512-2/nZyxET6T2BvFDLYGSf5sMJ1N9wdV9zHtAkfkk+hzJL+kzQQ/vLdPS5UmwNNBqH1HF6FpIcZR+1BJ/jc3YrMQ=="
    },
    "mobx-state-tree": {
      "version": "3.7.1",
      "resolved": "https://registry.npmjs.org/mobx-state-tree/-/mobx-state-tree-3.7.1.tgz",
      "integrity": "sha512-XJHT4ldB2eoHBOqTsNLOsJHNsClSkAUwNWQm9njat28Md0ymQIpVPpcKywz9I8tbu2RoWlEm1/U4v6SeQEk/sA=="
    },
    "typescript": {
      "version": "3.1.5",
      "resolved": "https://registry.npmjs.org/typescript/-/typescript-3.1.5.tgz",
      "integrity": "sha512-muYNWV9j5+3mXoKD6oPONKuGUmYiFX14gfo9lWm9ZXRHOqVDQiB4q1CzFPbF4QLV2E9TZXH6oK55oQ94rn3PpA=="
    }
  }
}
